// !$*UTF8*$!
{
	archiveVersion = 1;
	classes = {
	};
	objectVersion = 56;
	objects = {

/* Begin PBXBuildFile section */
		AB4179A8298376EB00FE1031 /* SearchUserView.swift in Sources */ = {isa = PBXBuildFile; fileRef = AB4179A7298376EB00FE1031 /* SearchUserView.swift */; };
		AB61738A297F22E000C3B0DD /* SkyBlueApp.swift in Sources */ = {isa = PBXBuildFile; fileRef = AB617389297F22E000C3B0DD /* SkyBlueApp.swift */; };
		AB61738C297F22E000C3B0DD /* ContentView.swift in Sources */ = {isa = PBXBuildFile; fileRef = AB61738B297F22E000C3B0DD /* ContentView.swift */; };
		AB61738E297F22E400C3B0DD /* Assets.xcassets in Resources */ = {isa = PBXBuildFile; fileRef = AB61738D297F22E400C3B0DD /* Assets.xcassets */; };
		AB617392297F22E400C3B0DD /* Preview Assets.xcassets in Resources */ = {isa = PBXBuildFile; fileRef = AB617391297F22E400C3B0DD /* Preview Assets.xcassets */; };
		AB61739C297F22E500C3B0DD /* SkyBlueTests.swift in Sources */ = {isa = PBXBuildFile; fileRef = AB61739B297F22E500C3B0DD /* SkyBlueTests.swift */; };
		AB6173A6297F22E500C3B0DD /* SkyBlueUITests.swift in Sources */ = {isa = PBXBuildFile; fileRef = AB6173A5297F22E500C3B0DD /* SkyBlueUITests.swift */; };
		AB6173A8297F22E500C3B0DD /* SkyBlueUITestsLaunchTests.swift in Sources */ = {isa = PBXBuildFile; fileRef = AB6173A7297F22E500C3B0DD /* SkyBlueUITestsLaunchTests.swift */; };
		AB6173B5297F251100C3B0DD /* GoogleService-Info.plist in Resources */ = {isa = PBXBuildFile; fileRef = AB6173B4297F251100C3B0DD /* GoogleService-Info.plist */; };
		AB6173BA297F369000C3B0DD /* LoginView.swift in Sources */ = {isa = PBXBuildFile; fileRef = AB6173B9297F369000C3B0DD /* LoginView.swift */; };
		AB6173BE2981A3CE00C3B0DD /* RegisterView.swift in Sources */ = {isa = PBXBuildFile; fileRef = AB6173BD2981A3CE00C3B0DD /* RegisterView.swift */; };
		AB6173C02981A3E900C3B0DD /* LoadingView.swift in Sources */ = {isa = PBXBuildFile; fileRef = AB6173BF2981A3E900C3B0DD /* LoadingView.swift */; };
		AB6173C32981A47B00C3B0DD /* Views+Extensions.swift in Sources */ = {isa = PBXBuildFile; fileRef = AB6173C22981A47B00C3B0DD /* Views+Extensions.swift */; };
		AB6173C52981A4B600C3B0DD /* MainView.swift in Sources */ = {isa = PBXBuildFile; fileRef = AB6173C42981A4B600C3B0DD /* MainView.swift */; };
		AB6173C72981A64800C3B0DD /* User.swift in Sources */ = {isa = PBXBuildFile; fileRef = AB6173C62981A64800C3B0DD /* User.swift */; };
		AB6173CA2981A6A500C3B0DD /* FirebaseAuth in Frameworks */ = {isa = PBXBuildFile; productRef = AB6173C92981A6A500C3B0DD /* FirebaseAuth */; };
		AB6173CC2981A6D100C3B0DD /* FirebaseFirestore in Frameworks */ = {isa = PBXBuildFile; productRef = AB6173CB2981A6D100C3B0DD /* FirebaseFirestore */; };
		AB6173CE2981A6D100C3B0DD /* FirebaseFirestoreSwift in Frameworks */ = {isa = PBXBuildFile; productRef = AB6173CD2981A6D100C3B0DD /* FirebaseFirestoreSwift */; };
		AB6173D02981A6D100C3B0DD /* FirebaseStorage in Frameworks */ = {isa = PBXBuildFile; productRef = AB6173CF2981A6D100C3B0DD /* FirebaseStorage */; };
		AB6173D22981A79800C3B0DD /* ProfileView.swift in Sources */ = {isa = PBXBuildFile; fileRef = AB6173D12981A79800C3B0DD /* ProfileView.swift */; };
		AB99FC6D2981E3BB0016DDC3 /* ReusablePostsView.swift in Sources */ = {isa = PBXBuildFile; fileRef = AB99FC6C2981E3BB0016DDC3 /* ReusablePostsView.swift */; };
		AB99FC6F2981E9AE0016DDC3 /* PostsView.swift in Sources */ = {isa = PBXBuildFile; fileRef = AB99FC6E2981E9AE0016DDC3 /* PostsView.swift */; };
		AB99FC712981ECA30016DDC3 /* PostCardView.swift in Sources */ = {isa = PBXBuildFile; fileRef = AB99FC702981ECA30016DDC3 /* PostCardView.swift */; };
		AB99FC742981EFAA0016DDC3 /* SDWebImageSwiftUI in Frameworks */ = {isa = PBXBuildFile; productRef = AB99FC732981EFAA0016DDC3 /* SDWebImageSwiftUI */; };
		AB99FC76298206650016DDC3 /* Post.swift in Sources */ = {isa = PBXBuildFile; fileRef = AB99FC75298206650016DDC3 /* Post.swift */; };
		AB99FC78298206AD0016DDC3 /* CreateNewPost.swift in Sources */ = {isa = PBXBuildFile; fileRef = AB99FC77298206AD0016DDC3 /* CreateNewPost.swift */; };
		AB99FC7A2982073B0016DDC3 /* ReusableProfileContent.swift in Sources */ = {isa = PBXBuildFile; fileRef = AB99FC792982073B0016DDC3 /* ReusableProfileContent.swift */; };
/* End PBXBuildFile section */

/* Begin PBXContainerItemProxy section */
		AB617398297F22E500C3B0DD /* PBXContainerItemProxy */ = {
			isa = PBXContainerItemProxy;
			containerPortal = AB61737E297F22E000C3B0DD /* Project object */;
			proxyType = 1;
			remoteGlobalIDString = AB617385297F22E000C3B0DD;
			remoteInfo = SkyBlue;
		};
		AB6173A2297F22E500C3B0DD /* PBXContainerItemProxy */ = {
			isa = PBXContainerItemProxy;
			containerPortal = AB61737E297F22E000C3B0DD /* Project object */;
			proxyType = 1;
			remoteGlobalIDString = AB617385297F22E000C3B0DD;
			remoteInfo = SkyBlue;
		};
/* End PBXContainerItemProxy section */

/* Begin PBXFileReference section */
		AB4179A7298376EB00FE1031 /* SearchUserView.swift */ = {isa = PBXFileReference; lastKnownFileType = sourcecode.swift; path = SearchUserView.swift; sourceTree = "<group>"; };
		AB617386297F22E000C3B0DD /* SkyBlue.app */ = {isa = PBXFileReference; explicitFileType = wrapper.application; includeInIndex = 0; path = SkyBlue.app; sourceTree = BUILT_PRODUCTS_DIR; };
		AB617389297F22E000C3B0DD /* SkyBlueApp.swift */ = {isa = PBXFileReference; lastKnownFileType = sourcecode.swift; path = SkyBlueApp.swift; sourceTree = "<group>"; };
		AB61738B297F22E000C3B0DD /* ContentView.swift */ = {isa = PBXFileReference; lastKnownFileType = sourcecode.swift; path = ContentView.swift; sourceTree = "<group>"; };
		AB61738D297F22E400C3B0DD /* Assets.xcassets */ = {isa = PBXFileReference; lastKnownFileType = folder.assetcatalog; path = Assets.xcassets; sourceTree = "<group>"; };
		AB61738F297F22E400C3B0DD /* SkyBlue.entitlements */ = {isa = PBXFileReference; lastKnownFileType = text.plist.entitlements; path = SkyBlue.entitlements; sourceTree = "<group>"; };
		AB617391297F22E400C3B0DD /* Preview Assets.xcassets */ = {isa = PBXFileReference; lastKnownFileType = folder.assetcatalog; path = "Preview Assets.xcassets"; sourceTree = "<group>"; };
		AB617397297F22E500C3B0DD /* SkyBlueTests.xctest */ = {isa = PBXFileReference; explicitFileType = wrapper.cfbundle; includeInIndex = 0; path = SkyBlueTests.xctest; sourceTree = BUILT_PRODUCTS_DIR; };
		AB61739B297F22E500C3B0DD /* SkyBlueTests.swift */ = {isa = PBXFileReference; lastKnownFileType = sourcecode.swift; path = SkyBlueTests.swift; sourceTree = "<group>"; };
		AB6173A1297F22E500C3B0DD /* SkyBlueUITests.xctest */ = {isa = PBXFileReference; explicitFileType = wrapper.cfbundle; includeInIndex = 0; path = SkyBlueUITests.xctest; sourceTree = BUILT_PRODUCTS_DIR; };
		AB6173A5297F22E500C3B0DD /* SkyBlueUITests.swift */ = {isa = PBXFileReference; lastKnownFileType = sourcecode.swift; path = SkyBlueUITests.swift; sourceTree = "<group>"; };
		AB6173A7297F22E500C3B0DD /* SkyBlueUITestsLaunchTests.swift */ = {isa = PBXFileReference; lastKnownFileType = sourcecode.swift; path = SkyBlueUITestsLaunchTests.swift; sourceTree = "<group>"; };
		AB6173B4297F251100C3B0DD /* GoogleService-Info.plist */ = {isa = PBXFileReference; fileEncoding = 4; lastKnownFileType = text.plist.xml; path = "GoogleService-Info.plist"; sourceTree = "<group>"; };
		AB6173B9297F369000C3B0DD /* LoginView.swift */ = {isa = PBXFileReference; lastKnownFileType = sourcecode.swift; path = LoginView.swift; sourceTree = "<group>"; };
		AB6173BD2981A3CE00C3B0DD /* RegisterView.swift */ = {isa = PBXFileReference; lastKnownFileType = sourcecode.swift; path = RegisterView.swift; sourceTree = "<group>"; };
		AB6173BF2981A3E900C3B0DD /* LoadingView.swift */ = {isa = PBXFileReference; lastKnownFileType = sourcecode.swift; path = LoadingView.swift; sourceTree = "<group>"; };
		AB6173C22981A47B00C3B0DD /* Views+Extensions.swift */ = {isa = PBXFileReference; lastKnownFileType = sourcecode.swift; path = "Views+Extensions.swift"; sourceTree = "<group>"; };
		AB6173C42981A4B600C3B0DD /* MainView.swift */ = {isa = PBXFileReference; lastKnownFileType = sourcecode.swift; path = MainView.swift; sourceTree = "<group>"; };
		AB6173C62981A64800C3B0DD /* User.swift */ = {isa = PBXFileReference; lastKnownFileType = sourcecode.swift; path = User.swift; sourceTree = "<group>"; };
		AB6173D12981A79800C3B0DD /* ProfileView.swift */ = {isa = PBXFileReference; lastKnownFileType = sourcecode.swift; path = ProfileView.swift; sourceTree = "<group>"; };
		AB99FC6C2981E3BB0016DDC3 /* ReusablePostsView.swift */ = {isa = PBXFileReference; lastKnownFileType = sourcecode.swift; path = ReusablePostsView.swift; sourceTree = "<group>"; };
		AB99FC6E2981E9AE0016DDC3 /* PostsView.swift */ = {isa = PBXFileReference; lastKnownFileType = sourcecode.swift; path = PostsView.swift; sourceTree = "<group>"; };
		AB99FC702981ECA30016DDC3 /* PostCardView.swift */ = {isa = PBXFileReference; lastKnownFileType = sourcecode.swift; path = PostCardView.swift; sourceTree = "<group>"; };
		AB99FC75298206650016DDC3 /* Post.swift */ = {isa = PBXFileReference; lastKnownFileType = sourcecode.swift; path = Post.swift; sourceTree = "<group>"; };
		AB99FC77298206AD0016DDC3 /* CreateNewPost.swift */ = {isa = PBXFileReference; lastKnownFileType = sourcecode.swift; path = CreateNewPost.swift; sourceTree = "<group>"; };
		AB99FC792982073B0016DDC3 /* ReusableProfileContent.swift */ = {isa = PBXFileReference; lastKnownFileType = sourcecode.swift; path = ReusableProfileContent.swift; sourceTree = "<group>"; };
/* End PBXFileReference section */

/* Begin PBXFrameworksBuildPhase section */
		AB617383297F22E000C3B0DD /* Frameworks */ = {
			isa = PBXFrameworksBuildPhase;
			buildActionMask = 2147483647;
			files = (
				AB99FC742981EFAA0016DDC3 /* SDWebImageSwiftUI in Frameworks */,
				AB6173CA2981A6A500C3B0DD /* FirebaseAuth in Frameworks */,
				AB6173D02981A6D100C3B0DD /* FirebaseStorage in Frameworks */,
				AB6173CC2981A6D100C3B0DD /* FirebaseFirestore in Frameworks */,
				AB6173CE2981A6D100C3B0DD /* FirebaseFirestoreSwift in Frameworks */,
			);
			runOnlyForDeploymentPostprocessing = 0;
		};
		AB617394297F22E500C3B0DD /* Frameworks */ = {
			isa = PBXFrameworksBuildPhase;
			buildActionMask = 2147483647;
			files = (
			);
			runOnlyForDeploymentPostprocessing = 0;
		};
		AB61739E297F22E500C3B0DD /* Frameworks */ = {
			isa = PBXFrameworksBuildPhase;
			buildActionMask = 2147483647;
			files = (
			);
			runOnlyForDeploymentPostprocessing = 0;
		};
/* End PBXFrameworksBuildPhase section */

/* Begin PBXGroup section */
		AB4179A529836DDF00FE1031 /* PostView */ = {
			isa = PBXGroup;
			children = (
				AB99FC6C2981E3BB0016DDC3 /* ReusablePostsView.swift */,
				AB99FC6E2981E9AE0016DDC3 /* PostsView.swift */,
				AB99FC702981ECA30016DDC3 /* PostCardView.swift */,
			);
			path = PostView;
			sourceTree = "<group>";
		};
		AB4179A629836DF200FE1031 /* ProfileView */ = {
			isa = PBXGroup;
			children = (
				AB99FC792982073B0016DDC3 /* ReusableProfileContent.swift */,
				AB6173D12981A79800C3B0DD /* ProfileView.swift */,
			);
			path = ProfileView;
			sourceTree = "<group>";
		};
		AB61737D297F22E000C3B0DD = {
			isa = PBXGroup;
			children = (
				AB617388297F22E000C3B0DD /* SkyBlue */,
				AB61739A297F22E500C3B0DD /* SkyBlueTests */,
				AB6173A4297F22E500C3B0DD /* SkyBlueUITests */,
				AB617387297F22E000C3B0DD /* Products */,
				AB6173C82981A6A500C3B0DD /* Frameworks */,
			);
			sourceTree = "<group>";
		};
		AB617387297F22E000C3B0DD /* Products */ = {
			isa = PBXGroup;
			children = (
				AB617386297F22E000C3B0DD /* SkyBlue.app */,
				AB617397297F22E500C3B0DD /* SkyBlueTests.xctest */,
				AB6173A1297F22E500C3B0DD /* SkyBlueUITests.xctest */,
			);
			name = Products;
			sourceTree = "<group>";
		};
		AB617388297F22E000C3B0DD /* SkyBlue */ = {
			isa = PBXGroup;
			children = (
				AB6173B8297F35E600C3B0DD /* Model */,
				AB6173B7297F35B800C3B0DD /* View */,
				AB6173B4297F251100C3B0DD /* GoogleService-Info.plist */,
				AB617389297F22E000C3B0DD /* SkyBlueApp.swift */,
				AB61738B297F22E000C3B0DD /* ContentView.swift */,
				AB61738D297F22E400C3B0DD /* Assets.xcassets */,
				AB61738F297F22E400C3B0DD /* SkyBlue.entitlements */,
				AB617390297F22E400C3B0DD /* Preview Content */,
			);
			path = SkyBlue;
			sourceTree = "<group>";
		};
		AB617390297F22E400C3B0DD /* Preview Content */ = {
			isa = PBXGroup;
			children = (
				AB617391297F22E400C3B0DD /* Preview Assets.xcassets */,
			);
			path = "Preview Content";
			sourceTree = "<group>";
		};
		AB61739A297F22E500C3B0DD /* SkyBlueTests */ = {
			isa = PBXGroup;
			children = (
				AB61739B297F22E500C3B0DD /* SkyBlueTests.swift */,
			);
			path = SkyBlueTests;
			sourceTree = "<group>";
		};
		AB6173A4297F22E500C3B0DD /* SkyBlueUITests */ = {
			isa = PBXGroup;
			children = (
				AB6173A5297F22E500C3B0DD /* SkyBlueUITests.swift */,
				AB6173A7297F22E500C3B0DD /* SkyBlueUITestsLaunchTests.swift */,
			);
			path = SkyBlueUITests;
			sourceTree = "<group>";
		};
		AB6173B7297F35B800C3B0DD /* View */ = {
			isa = PBXGroup;
			children = (
				AB6173C12981A45D00C3B0DD /* Helpers */,
				AB6173BC2981A38000C3B0DD /* MainView */,
				AB6173BB2981A30900C3B0DD /* Login */,
				AB6173BF2981A3E900C3B0DD /* LoadingView.swift */,
			);
			path = View;
			sourceTree = "<group>";
		};
		AB6173B8297F35E600C3B0DD /* Model */ = {
			isa = PBXGroup;
			children = (
				AB6173C62981A64800C3B0DD /* User.swift */,
				AB99FC75298206650016DDC3 /* Post.swift */,
			);
			path = Model;
			sourceTree = "<group>";
		};
		AB6173BB2981A30900C3B0DD /* Login */ = {
			isa = PBXGroup;
			children = (
				AB6173B9297F369000C3B0DD /* LoginView.swift */,
				AB6173BD2981A3CE00C3B0DD /* RegisterView.swift */,
			);
			path = Login;
			sourceTree = "<group>";
		};
		AB6173BC2981A38000C3B0DD /* MainView */ = {
			isa = PBXGroup;
			children = (
				AB6173C42981A4B600C3B0DD /* MainView.swift */,
				AB99FC77298206AD0016DDC3 /* CreateNewPost.swift */,
				AB4179A629836DF200FE1031 /* ProfileView */,
				AB4179A529836DDF00FE1031 /* PostView */,
				AB4179A7298376EB00FE1031 /* SearchUserView.swift */,
			);
			path = MainView;
			sourceTree = "<group>";
		};
		AB6173C12981A45D00C3B0DD /* Helpers */ = {
			isa = PBXGroup;
			children = (
				AB6173C22981A47B00C3B0DD /* Views+Extensions.swift */,
			);
			path = Helpers;
			sourceTree = "<group>";
		};
		AB6173C82981A6A500C3B0DD /* Frameworks */ = {
			isa = PBXGroup;
			children = (
			);
			name = Frameworks;
			sourceTree = "<group>";
		};
/* End PBXGroup section */

/* Begin PBXNativeTarget section */
		AB617385297F22E000C3B0DD /* SkyBlue */ = {
			isa = PBXNativeTarget;
			buildConfigurationList = AB6173AB297F22E500C3B0DD /* Build configuration list for PBXNativeTarget "SkyBlue" */;
			buildPhases = (
				AB617382297F22E000C3B0DD /* Sources */,
				AB617383297F22E000C3B0DD /* Frameworks */,
				AB617384297F22E000C3B0DD /* Resources */,
			);
			buildRules = (
			);
			dependencies = (
			);
			name = SkyBlue;
			packageProductDependencies = (
				AB6173C92981A6A500C3B0DD /* FirebaseAuth */,
				AB6173CB2981A6D100C3B0DD /* FirebaseFirestore */,
				AB6173CD2981A6D100C3B0DD /* FirebaseFirestoreSwift */,
				AB6173CF2981A6D100C3B0DD /* FirebaseStorage */,
				AB99FC732981EFAA0016DDC3 /* SDWebImageSwiftUI */,
			);
			productName = SkyBlue;
			productReference = AB617386297F22E000C3B0DD /* SkyBlue.app */;
			productType = "com.apple.product-type.application";
		};
		AB617396297F22E500C3B0DD /* SkyBlueTests */ = {
			isa = PBXNativeTarget;
			buildConfigurationList = AB6173AE297F22E500C3B0DD /* Build configuration list for PBXNativeTarget "SkyBlueTests" */;
			buildPhases = (
				AB617393297F22E500C3B0DD /* Sources */,
				AB617394297F22E500C3B0DD /* Frameworks */,
				AB617395297F22E500C3B0DD /* Resources */,
			);
			buildRules = (
			);
			dependencies = (
				AB617399297F22E500C3B0DD /* PBXTargetDependency */,
			);
			name = SkyBlueTests;
			productName = SkyBlueTests;
			productReference = AB617397297F22E500C3B0DD /* SkyBlueTests.xctest */;
			productType = "com.apple.product-type.bundle.unit-test";
		};
		AB6173A0297F22E500C3B0DD /* SkyBlueUITests */ = {
			isa = PBXNativeTarget;
			buildConfigurationList = AB6173B1297F22E500C3B0DD /* Build configuration list for PBXNativeTarget "SkyBlueUITests" */;
			buildPhases = (
				AB61739D297F22E500C3B0DD /* Sources */,
				AB61739E297F22E500C3B0DD /* Frameworks */,
				AB61739F297F22E500C3B0DD /* Resources */,
			);
			buildRules = (
			);
			dependencies = (
				AB6173A3297F22E500C3B0DD /* PBXTargetDependency */,
			);
			name = SkyBlueUITests;
			productName = SkyBlueUITests;
			productReference = AB6173A1297F22E500C3B0DD /* SkyBlueUITests.xctest */;
			productType = "com.apple.product-type.bundle.ui-testing";
		};
/* End PBXNativeTarget section */

/* Begin PBXProject section */
		AB61737E297F22E000C3B0DD /* Project object */ = {
			isa = PBXProject;
			attributes = {
				BuildIndependentTargetsInParallel = 1;
				LastSwiftUpdateCheck = 1420;
				LastUpgradeCheck = 1420;
				TargetAttributes = {
					AB617385297F22E000C3B0DD = {
						CreatedOnToolsVersion = 14.2;
					};
					AB617396297F22E500C3B0DD = {
						CreatedOnToolsVersion = 14.2;
						TestTargetID = AB617385297F22E000C3B0DD;
					};
					AB6173A0297F22E500C3B0DD = {
						CreatedOnToolsVersion = 14.2;
						TestTargetID = AB617385297F22E000C3B0DD;
					};
				};
			};
			buildConfigurationList = AB617381297F22E000C3B0DD /* Build configuration list for PBXProject "SkyBlue" */;
			compatibilityVersion = "Xcode 14.0";
			developmentRegion = en;
			hasScannedForEncodings = 0;
			knownRegions = (
				en,
				Base,
			);
			mainGroup = AB61737D297F22E000C3B0DD;
			packageReferences = (
				AB6173B6297F267A00C3B0DD /* XCRemoteSwiftPackageReference "firebase-ios-sdk" */,
				AB99FC722981EFAA0016DDC3 /* XCRemoteSwiftPackageReference "SDWebImageSwiftUI" */,
			);
			productRefGroup = AB617387297F22E000C3B0DD /* Products */;
			projectDirPath = "";
			projectRoot = "";
			targets = (
				AB617385297F22E000C3B0DD /* SkyBlue */,
				AB617396297F22E500C3B0DD /* SkyBlueTests */,
				AB6173A0297F22E500C3B0DD /* SkyBlueUITests */,
			);
		};
/* End PBXProject section */

/* Begin PBXResourcesBuildPhase section */
		AB617384297F22E000C3B0DD /* Resources */ = {
			isa = PBXResourcesBuildPhase;
			buildActionMask = 2147483647;
			files = (
				AB617392297F22E400C3B0DD /* Preview Assets.xcassets in Resources */,
				AB61738E297F22E400C3B0DD /* Assets.xcassets in Resources */,
				AB6173B5297F251100C3B0DD /* GoogleService-Info.plist in Resources */,
			);
			runOnlyForDeploymentPostprocessing = 0;
		};
		AB617395297F22E500C3B0DD /* Resources */ = {
			isa = PBXResourcesBuildPhase;
			buildActionMask = 2147483647;
			files = (
			);
			runOnlyForDeploymentPostprocessing = 0;
		};
		AB61739F297F22E500C3B0DD /* Resources */ = {
			isa = PBXResourcesBuildPhase;
			buildActionMask = 2147483647;
			files = (
			);
			runOnlyForDeploymentPostprocessing = 0;
		};
/* End PBXResourcesBuildPhase section */

/* Begin PBXSourcesBuildPhase section */
		AB617382297F22E000C3B0DD /* Sources */ = {
			isa = PBXSourcesBuildPhase;
			buildActionMask = 2147483647;
			files = (
				AB99FC712981ECA30016DDC3 /* PostCardView.swift in Sources */,
				AB6173BA297F369000C3B0DD /* LoginView.swift in Sources */,
				AB6173D22981A79800C3B0DD /* ProfileView.swift in Sources */,
				AB6173C52981A4B600C3B0DD /* MainView.swift in Sources */,
				AB99FC76298206650016DDC3 /* Post.swift in Sources */,
				AB6173BE2981A3CE00C3B0DD /* RegisterView.swift in Sources */,
				AB6173C32981A47B00C3B0DD /* Views+Extensions.swift in Sources */,
				AB99FC7A2982073B0016DDC3 /* ReusableProfileContent.swift in Sources */,
				AB99FC6D2981E3BB0016DDC3 /* ReusablePostsView.swift in Sources */,
				AB99FC78298206AD0016DDC3 /* CreateNewPost.swift in Sources */,
				AB6173C72981A64800C3B0DD /* User.swift in Sources */,
				AB61738C297F22E000C3B0DD /* ContentView.swift in Sources */,
				AB6173C02981A3E900C3B0DD /* LoadingView.swift in Sources */,
				AB99FC6F2981E9AE0016DDC3 /* PostsView.swift in Sources */,
				AB61738A297F22E000C3B0DD /* SkyBlueApp.swift in Sources */,
				AB4179A8298376EB00FE1031 /* SearchUserView.swift in Sources */,
			);
			runOnlyForDeploymentPostprocessing = 0;
		};
		AB617393297F22E500C3B0DD /* Sources */ = {
			isa = PBXSourcesBuildPhase;
			buildActionMask = 2147483647;
			files = (
				AB61739C297F22E500C3B0DD /* SkyBlueTests.swift in Sources */,
			);
			runOnlyForDeploymentPostprocessing = 0;
		};
		AB61739D297F22E500C3B0DD /* Sources */ = {
			isa = PBXSourcesBuildPhase;
			buildActionMask = 2147483647;
			files = (
				AB6173A8297F22E500C3B0DD /* SkyBlueUITestsLaunchTests.swift in Sources */,
				AB6173A6297F22E500C3B0DD /* SkyBlueUITests.swift in Sources */,
			);
			runOnlyForDeploymentPostprocessing = 0;
		};
/* End PBXSourcesBuildPhase section */

/* Begin PBXTargetDependency section */
		AB617399297F22E500C3B0DD /* PBXTargetDependency */ = {
			isa = PBXTargetDependency;
			target = AB617385297F22E000C3B0DD /* SkyBlue */;
			targetProxy = AB617398297F22E500C3B0DD /* PBXContainerItemProxy */;
		};
		AB6173A3297F22E500C3B0DD /* PBXTargetDependency */ = {
			isa = PBXTargetDependency;
			target = AB617385297F22E000C3B0DD /* SkyBlue */;
			targetProxy = AB6173A2297F22E500C3B0DD /* PBXContainerItemProxy */;
		};
/* End PBXTargetDependency section */

/* Begin XCBuildConfiguration section */
		AB6173A9297F22E500C3B0DD /* Debug */ = {
			isa = XCBuildConfiguration;
			buildSettings = {
				ALWAYS_SEARCH_USER_PATHS = NO;
				CLANG_ANALYZER_NONNULL = YES;
				CLANG_ANALYZER_NUMBER_OBJECT_CONVERSION = YES_AGGRESSIVE;
				CLANG_CXX_LANGUAGE_STANDARD = "gnu++20";
				CLANG_ENABLE_MODULES = YES;
				CLANG_ENABLE_OBJC_ARC = YES;
				CLANG_ENABLE_OBJC_WEAK = YES;
				CLANG_WARN_BLOCK_CAPTURE_AUTORELEASING = YES;
				CLANG_WARN_BOOL_CONVERSION = YES;
				CLANG_WARN_COMMA = YES;
				CLANG_WARN_CONSTANT_CONVERSION = YES;
				CLANG_WARN_DEPRECATED_OBJC_IMPLEMENTATIONS = YES;
				CLANG_WARN_DIRECT_OBJC_ISA_USAGE = YES_ERROR;
				CLANG_WARN_DOCUMENTATION_COMMENTS = YES;
				CLANG_WARN_EMPTY_BODY = YES;
				CLANG_WARN_ENUM_CONVERSION = YES;
				CLANG_WARN_INFINITE_RECURSION = YES;
				CLANG_WARN_INT_CONVERSION = YES;
				CLANG_WARN_NON_LITERAL_NULL_CONVERSION = YES;
				CLANG_WARN_OBJC_IMPLICIT_RETAIN_SELF = YES;
				CLANG_WARN_OBJC_LITERAL_CONVERSION = YES;
				CLANG_WARN_OBJC_ROOT_CLASS = YES_ERROR;
				CLANG_WARN_QUOTED_INCLUDE_IN_FRAMEWORK_HEADER = YES;
				CLANG_WARN_RANGE_LOOP_ANALYSIS = YES;
				CLANG_WARN_STRICT_PROTOTYPES = YES;
				CLANG_WARN_SUSPICIOUS_MOVE = YES;
				CLANG_WARN_UNGUARDED_AVAILABILITY = YES_AGGRESSIVE;
				CLANG_WARN_UNREACHABLE_CODE = YES;
				CLANG_WARN__DUPLICATE_METHOD_MATCH = YES;
				COPY_PHASE_STRIP = NO;
				DEBUG_INFORMATION_FORMAT = dwarf;
				ENABLE_STRICT_OBJC_MSGSEND = YES;
				ENABLE_TESTABILITY = YES;
				GCC_C_LANGUAGE_STANDARD = gnu11;
				GCC_DYNAMIC_NO_PIC = NO;
				GCC_NO_COMMON_BLOCKS = YES;
				GCC_OPTIMIZATION_LEVEL = 0;
				GCC_PREPROCESSOR_DEFINITIONS = (
					"DEBUG=1",
					"$(inherited)",
				);
				GCC_WARN_64_TO_32_BIT_CONVERSION = YES;
				GCC_WARN_ABOUT_RETURN_TYPE = YES_ERROR;
				GCC_WARN_UNDECLARED_SELECTOR = YES;
				GCC_WARN_UNINITIALIZED_AUTOS = YES_AGGRESSIVE;
				GCC_WARN_UNUSED_FUNCTION = YES;
				GCC_WARN_UNUSED_VARIABLE = YES;
				MTL_ENABLE_DEBUG_INFO = INCLUDE_SOURCE;
				MTL_FAST_MATH = YES;
				ONLY_ACTIVE_ARCH = YES;
				SWIFT_ACTIVE_COMPILATION_CONDITIONS = DEBUG;
				SWIFT_OPTIMIZATION_LEVEL = "-Onone";
			};
			name = Debug;
		};
		AB6173AA297F22E500C3B0DD /* Release */ = {
			isa = XCBuildConfiguration;
			buildSettings = {
				ALWAYS_SEARCH_USER_PATHS = NO;
				CLANG_ANALYZER_NONNULL = YES;
				CLANG_ANALYZER_NUMBER_OBJECT_CONVERSION = YES_AGGRESSIVE;
				CLANG_CXX_LANGUAGE_STANDARD = "gnu++20";
				CLANG_ENABLE_MODULES = YES;
				CLANG_ENABLE_OBJC_ARC = YES;
				CLANG_ENABLE_OBJC_WEAK = YES;
				CLANG_WARN_BLOCK_CAPTURE_AUTORELEASING = YES;
				CLANG_WARN_BOOL_CONVERSION = YES;
				CLANG_WARN_COMMA = YES;
				CLANG_WARN_CONSTANT_CONVERSION = YES;
				CLANG_WARN_DEPRECATED_OBJC_IMPLEMENTATIONS = YES;
				CLANG_WARN_DIRECT_OBJC_ISA_USAGE = YES_ERROR;
				CLANG_WARN_DOCUMENTATION_COMMENTS = YES;
				CLANG_WARN_EMPTY_BODY = YES;
				CLANG_WARN_ENUM_CONVERSION = YES;
				CLANG_WARN_INFINITE_RECURSION = YES;
				CLANG_WARN_INT_CONVERSION = YES;
				CLANG_WARN_NON_LITERAL_NULL_CONVERSION = YES;
				CLANG_WARN_OBJC_IMPLICIT_RETAIN_SELF = YES;
				CLANG_WARN_OBJC_LITERAL_CONVERSION = YES;
				CLANG_WARN_OBJC_ROOT_CLASS = YES_ERROR;
				CLANG_WARN_QUOTED_INCLUDE_IN_FRAMEWORK_HEADER = YES;
				CLANG_WARN_RANGE_LOOP_ANALYSIS = YES;
				CLANG_WARN_STRICT_PROTOTYPES = YES;
				CLANG_WARN_SUSPICIOUS_MOVE = YES;
				CLANG_WARN_UNGUARDED_AVAILABILITY = YES_AGGRESSIVE;
				CLANG_WARN_UNREACHABLE_CODE = YES;
				CLANG_WARN__DUPLICATE_METHOD_MATCH = YES;
				COPY_PHASE_STRIP = NO;
				DEBUG_INFORMATION_FORMAT = "dwarf-with-dsym";
				ENABLE_NS_ASSERTIONS = NO;
				ENABLE_STRICT_OBJC_MSGSEND = YES;
				GCC_C_LANGUAGE_STANDARD = gnu11;
				GCC_NO_COMMON_BLOCKS = YES;
				GCC_WARN_64_TO_32_BIT_CONVERSION = YES;
				GCC_WARN_ABOUT_RETURN_TYPE = YES_ERROR;
				GCC_WARN_UNDECLARED_SELECTOR = YES;
				GCC_WARN_UNINITIALIZED_AUTOS = YES_AGGRESSIVE;
				GCC_WARN_UNUSED_FUNCTION = YES;
				GCC_WARN_UNUSED_VARIABLE = YES;
				MTL_ENABLE_DEBUG_INFO = NO;
				MTL_FAST_MATH = YES;
				SWIFT_COMPILATION_MODE = wholemodule;
				SWIFT_OPTIMIZATION_LEVEL = "-O";
			};
			name = Release;
		};
		AB6173AC297F22E500C3B0DD /* Debug */ = {
			isa = XCBuildConfiguration;
			buildSettings = {
				ASSETCATALOG_COMPILER_APPICON_NAME = AppIcon;
				ASSETCATALOG_COMPILER_GLOBAL_ACCENT_COLOR_NAME = AccentColor;
				CODE_SIGN_ENTITLEMENTS = SkyBlue/SkyBlue.entitlements;
				CODE_SIGN_STYLE = Automatic;
				CURRENT_PROJECT_VERSION = 1;
				DEVELOPMENT_ASSET_PATHS = "\"SkyBlue/Preview Content\"";
				DEVELOPMENT_TEAM = ZK8VD79KU2;
				ENABLE_PREVIEWS = YES;
				GENERATE_INFOPLIST_FILE = YES;
				"INFOPLIST_KEY_UIApplicationSceneManifest_Generation[sdk=iphoneos*]" = YES;
				"INFOPLIST_KEY_UIApplicationSceneManifest_Generation[sdk=iphonesimulator*]" = YES;
				"INFOPLIST_KEY_UIApplicationSupportsIndirectInputEvents[sdk=iphoneos*]" = YES;
				"INFOPLIST_KEY_UIApplicationSupportsIndirectInputEvents[sdk=iphonesimulator*]" = YES;
				"INFOPLIST_KEY_UILaunchScreen_Generation[sdk=iphoneos*]" = YES;
				"INFOPLIST_KEY_UILaunchScreen_Generation[sdk=iphonesimulator*]" = YES;
				"INFOPLIST_KEY_UIStatusBarStyle[sdk=iphoneos*]" = UIStatusBarStyleDefault;
				"INFOPLIST_KEY_UIStatusBarStyle[sdk=iphonesimulator*]" = UIStatusBarStyleDefault;
				INFOPLIST_KEY_UISupportedInterfaceOrientations_iPad = "UIInterfaceOrientationPortrait UIInterfaceOrientationPortraitUpsideDown UIInterfaceOrientationLandscapeLeft UIInterfaceOrientationLandscapeRight";
				INFOPLIST_KEY_UISupportedInterfaceOrientations_iPhone = "UIInterfaceOrientationPortrait UIInterfaceOrientationLandscapeLeft UIInterfaceOrientationLandscapeRight";
				IPHONEOS_DEPLOYMENT_TARGET = 16.2;
				LD_RUNPATH_SEARCH_PATHS = "@executable_path/Frameworks";
				"LD_RUNPATH_SEARCH_PATHS[sdk=macosx*]" = "@executable_path/../Frameworks";
				MACOSX_DEPLOYMENT_TARGET = 13.1;
				MARKETING_VERSION = 1.0;
				PRODUCT_BUNDLE_IDENTIFIER = com.ArshBrar.SkyBlue;
				PRODUCT_NAME = "$(TARGET_NAME)";
				SDKROOT = auto;
				SUPPORTED_PLATFORMS = "iphoneos iphonesimulator";
				SUPPORTS_MACCATALYST = NO;
				SUPPORTS_MAC_DESIGNED_FOR_IPHONE_IPAD = NO;
				SWIFT_EMIT_LOC_STRINGS = YES;
				SWIFT_VERSION = 5.0;
				TARGETED_DEVICE_FAMILY = 1;
			};
			name = Debug;
		};
		AB6173AD297F22E500C3B0DD /* Release */ = {
			isa = XCBuildConfiguration;
			buildSettings = {
				ASSETCATALOG_COMPILER_APPICON_NAME = AppIcon;
				ASSETCATALOG_COMPILER_GLOBAL_ACCENT_COLOR_NAME = AccentColor;
				CODE_SIGN_ENTITLEMENTS = SkyBlue/SkyBlue.entitlements;
				CODE_SIGN_STYLE = Automatic;
				CURRENT_PROJECT_VERSION = 1;
				DEVELOPMENT_ASSET_PATHS = "\"SkyBlue/Preview Content\"";
				DEVELOPMENT_TEAM = ZK8VD79KU2;
				ENABLE_PREVIEWS = YES;
				GENERATE_INFOPLIST_FILE = YES;
				"INFOPLIST_KEY_UIApplicationSceneManifest_Generation[sdk=iphoneos*]" = YES;
				"INFOPLIST_KEY_UIApplicationSceneManifest_Generation[sdk=iphonesimulator*]" = YES;
				"INFOPLIST_KEY_UIApplicationSupportsIndirectInputEvents[sdk=iphoneos*]" = YES;
				"INFOPLIST_KEY_UIApplicationSupportsIndirectInputEvents[sdk=iphonesimulator*]" = YES;
				"INFOPLIST_KEY_UILaunchScreen_Generation[sdk=iphoneos*]" = YES;
				"INFOPLIST_KEY_UILaunchScreen_Generation[sdk=iphonesimulator*]" = YES;
				"INFOPLIST_KEY_UIStatusBarStyle[sdk=iphoneos*]" = UIStatusBarStyleDefault;
				"INFOPLIST_KEY_UIStatusBarStyle[sdk=iphonesimulator*]" = UIStatusBarStyleDefault;
				INFOPLIST_KEY_UISupportedInterfaceOrientations_iPad = "UIInterfaceOrientationPortrait UIInterfaceOrientationPortraitUpsideDown UIInterfaceOrientationLandscapeLeft UIInterfaceOrientationLandscapeRight";
				INFOPLIST_KEY_UISupportedInterfaceOrientations_iPhone = "UIInterfaceOrientationPortrait UIInterfaceOrientationLandscapeLeft UIInterfaceOrientationLandscapeRight";
				IPHONEOS_DEPLOYMENT_TARGET = 16.2;
				LD_RUNPATH_SEARCH_PATHS = "@executable_path/Frameworks";
				"LD_RUNPATH_SEARCH_PATHS[sdk=macosx*]" = "@executable_path/../Frameworks";
				MACOSX_DEPLOYMENT_TARGET = 13.1;
				MARKETING_VERSION = 1.0;
				PRODUCT_BUNDLE_IDENTIFIER = com.ArshBrar.SkyBlue;
				PRODUCT_NAME = "$(TARGET_NAME)";
				SDKROOT = auto;
				SUPPORTED_PLATFORMS = "iphoneos iphonesimulator";
				SUPPORTS_MACCATALYST = NO;
				SUPPORTS_MAC_DESIGNED_FOR_IPHONE_IPAD = NO;
				SWIFT_EMIT_LOC_STRINGS = YES;
				SWIFT_VERSION = 5.0;
				TARGETED_DEVICE_FAMILY = 1;
			};
			name = Release;
		};
		AB6173AF297F22E500C3B0DD /* Debug */ = {
			isa = XCBuildConfiguration;
			buildSettings = {
				ALWAYS_EMBED_SWIFT_STANDARD_LIBRARIES = YES;
				BUNDLE_LOADER = "$(TEST_HOST)";
				CODE_SIGN_STYLE = Automatic;
				CURRENT_PROJECT_VERSION = 1;
				GENERATE_INFOPLIST_FILE = YES;
				IPHONEOS_DEPLOYMENT_TARGET = 16.2;
				MACOSX_DEPLOYMENT_TARGET = 13.1;
				MARKETING_VERSION = 1.0;
				PRODUCT_BUNDLE_IDENTIFIER = com.ArshBrar.SkyBlueTests;
				PRODUCT_NAME = "$(TARGET_NAME)";
				SDKROOT = auto;
				SUPPORTED_PLATFORMS = "iphoneos iphonesimulator macosx";
				SWIFT_EMIT_LOC_STRINGS = NO;
				SWIFT_VERSION = 5.0;
				TARGETED_DEVICE_FAMILY = "1,2";
				TEST_HOST = "$(BUILT_PRODUCTS_DIR)/SkyBlue.app/$(BUNDLE_EXECUTABLE_FOLDER_PATH)/SkyBlue";
			};
			name = Debug;
		};
		AB6173B0297F22E500C3B0DD /* Release */ = {
			isa = XCBuildConfiguration;
			buildSettings = {
				ALWAYS_EMBED_SWIFT_STANDARD_LIBRARIES = YES;
				BUNDLE_LOADER = "$(TEST_HOST)";
				CODE_SIGN_STYLE = Automatic;
				CURRENT_PROJECT_VERSION = 1;
				GENERATE_INFOPLIST_FILE = YES;
				IPHONEOS_DEPLOYMENT_TARGET = 16.2;
				MACOSX_DEPLOYMENT_TARGET = 13.1;
				MARKETING_VERSION = 1.0;
				PRODUCT_BUNDLE_IDENTIFIER = com.ArshBrar.SkyBlueTests;
				PRODUCT_NAME = "$(TARGET_NAME)";
				SDKROOT = auto;
				SUPPORTED_PLATFORMS = "iphoneos iphonesimulator macosx";
				SWIFT_EMIT_LOC_STRINGS = NO;
				SWIFT_VERSION = 5.0;
				TARGETED_DEVICE_FAMILY = "1,2";
				TEST_HOST = "$(BUILT_PRODUCTS_DIR)/SkyBlue.app/$(BUNDLE_EXECUTABLE_FOLDER_PATH)/SkyBlue";
			};
			name = Release;
		};
		AB6173B2297F22E500C3B0DD /* Debug */ = {
			isa = XCBuildConfiguration;
			buildSettings = {
				ALWAYS_EMBED_SWIFT_STANDARD_LIBRARIES = YES;
				CODE_SIGN_STYLE = Automatic;
				CURRENT_PROJECT_VERSION = 1;
				GENERATE_INFOPLIST_FILE = YES;
				IPHONEOS_DEPLOYMENT_TARGET = 16.2;
				MACOSX_DEPLOYMENT_TARGET = 13.1;
				MARKETING_VERSION = 1.0;
				PRODUCT_BUNDLE_IDENTIFIER = com.ArshBrar.SkyBlueUITests;
				PRODUCT_NAME = "$(TARGET_NAME)";
				SDKROOT = auto;
				SUPPORTED_PLATFORMS = "iphoneos iphonesimulator macosx";
				SWIFT_EMIT_LOC_STRINGS = NO;
				SWIFT_VERSION = 5.0;
				TARGETED_DEVICE_FAMILY = "1,2";
				TEST_TARGET_NAME = SkyBlue;
			};
			name = Debug;
		};
		AB6173B3297F22E500C3B0DD /* Release */ = {
			isa = XCBuildConfiguration;
			buildSettings = {
				ALWAYS_EMBED_SWIFT_STANDARD_LIBRARIES = YES;
				CODE_SIGN_STYLE = Automatic;
				CURRENT_PROJECT_VERSION = 1;
				GENERATE_INFOPLIST_FILE = YES;
				IPHONEOS_DEPLOYMENT_TARGET = 16.2;
				MACOSX_DEPLOYMENT_TARGET = 13.1;
				MARKETING_VERSION = 1.0;
				PRODUCT_BUNDLE_IDENTIFIER = com.ArshBrar.SkyBlueUITests;
				PRODUCT_NAME = "$(TARGET_NAME)";
				SDKROOT = auto;
				SUPPORTED_PLATFORMS = "iphoneos iphonesimulator macosx";
				SWIFT_EMIT_LOC_STRINGS = NO;
				SWIFT_VERSION = 5.0;
				TARGETED_DEVICE_FAMILY = "1,2";
				TEST_TARGET_NAME = SkyBlue;
			};
			name = Release;
		};
/* End XCBuildConfiguration section */

/* Begin XCConfigurationList section */
		AB617381297F22E000C3B0DD /* Build configuration list for PBXProject "SkyBlue" */ = {
			isa = XCConfigurationList;
			buildConfigurations = (
				AB6173A9297F22E500C3B0DD /* Debug */,
				AB6173AA297F22E500C3B0DD /* Release */,
			);
			defaultConfigurationIsVisible = 0;
			defaultConfigurationName = Release;
		};
		AB6173AB297F22E500C3B0DD /* Build configuration list for PBXNativeTarget "SkyBlue" */ = {
			isa = XCConfigurationList;
			buildConfigurations = (
				AB6173AC297F22E500C3B0DD /* Debug */,
				AB6173AD297F22E500C3B0DD /* Release */,
			);
			defaultConfigurationIsVisible = 0;
			defaultConfigurationName = Release;
		};
		AB6173AE297F22E500C3B0DD /* Build configuration list for PBXNativeTarget "SkyBlueTests" */ = {
			isa = XCConfigurationList;
			buildConfigurations = (
				AB6173AF297F22E500C3B0DD /* Debug */,
				AB6173B0297F22E500C3B0DD /* Release */,
			);
			defaultConfigurationIsVisible = 0;
			defaultConfigurationName = Release;
		};
		AB6173B1297F22E500C3B0DD /* Build configuration list for PBXNativeTarget "SkyBlueUITests" */ = {
			isa = XCConfigurationList;
			buildConfigurations = (
				AB6173B2297F22E500C3B0DD /* Debug */,
				AB6173B3297F22E500C3B0DD /* Release */,
			);
			defaultConfigurationIsVisible = 0;
			defaultConfigurationName = Release;
		};
/* End XCConfigurationList section */

/* Begin XCRemoteSwiftPackageReference section */
		AB6173B6297F267A00C3B0DD /* XCRemoteSwiftPackageReference "firebase-ios-sdk" */ = {
			isa = XCRemoteSwiftPackageReference;
			repositoryURL = "https://github.com/firebase/firebase-ios-sdk";
			requirement = {
				kind = upToNextMajorVersion;
				minimumVersion = 9.0.0;
			};
		};
		AB99FC722981EFAA0016DDC3 /* XCRemoteSwiftPackageReference "SDWebImageSwiftUI" */ = {
			isa = XCRemoteSwiftPackageReference;
			repositoryURL = "https://github.com/SDWebImage/SDWebImageSwiftUI";
			requirement = {
				kind = upToNextMajorVersion;
				minimumVersion = 2.0.0;
			};
		};
/* End XCRemoteSwiftPackageReference section */

/* Begin XCSwiftPackageProductDependency section */
		AB6173C92981A6A500C3B0DD /* FirebaseAuth */ = {
			isa = XCSwiftPackageProductDependency;
			package = AB6173B6297F267A00C3B0DD /* XCRemoteSwiftPackageReference "firebase-ios-sdk" */;
			productName = FirebaseAuth;
		};
		AB6173CB2981A6D100C3B0DD /* FirebaseFirestore */ = {
			isa = XCSwiftPackageProductDependency;
			package = AB6173B6297F267A00C3B0DD /* XCRemoteSwiftPackageReference "firebase-ios-sdk" */;
			productName = FirebaseFirestore;
		};
		AB6173CD2981A6D100C3B0DD /* FirebaseFirestoreSwift */ = {
			isa = XCSwiftPackageProductDependency;
			package = AB6173B6297F267A00C3B0DD /* XCRemoteSwiftPackageReference "firebase-ios-sdk" */;
			productName = FirebaseFirestoreSwift;
		};
		AB6173CF2981A6D100C3B0DD /* FirebaseStorage */ = {
			isa = XCSwiftPackageProductDependency;
			package = AB6173B6297F267A00C3B0DD /* XCRemoteSwiftPackageReference "firebase-ios-sdk" */;
			productName = FirebaseStorage;
		};
		AB99FC732981EFAA0016DDC3 /* SDWebImageSwiftUI */ = {
			isa = XCSwiftPackageProductDependency;
			package = AB99FC722981EFAA0016DDC3 /* XCRemoteSwiftPackageReference "SDWebImageSwiftUI" */;
			productName = SDWebImageSwiftUI;
		};
/* End XCSwiftPackageProductDependency section */
	};
	rootObject = AB61737E297F22E000C3B0DD /* Project object */;
}
